// !$*UTF8*$!
{
	archiveVersion = 1;
	classes = {
	};
	objectVersion = 46;
	objects = {

/* Begin PBXBuildFile section */
		23CCE7CE1A91E426005AA619 /* Bolts.framework in Frameworks */ = {isa = PBXBuildFile; fileRef = 23CCE7C91A91E426005AA619 /* Bolts.framework */; };
		23CCE7CF1A91E426005AA619 /* Parse.framework in Frameworks */ = {isa = PBXBuildFile; fileRef = 23CCE7CA1A91E426005AA619 /* Parse.framework */; };
		23CCE7D01A91E426005AA619 /* ParseCrashReporting.framework in Frameworks */ = {isa = PBXBuildFile; fileRef = 23CCE7CB1A91E426005AA619 /* ParseCrashReporting.framework */; };
		23CCE7D11A91E426005AA619 /* ParseFacebookUtils.framework in Frameworks */ = {isa = PBXBuildFile; fileRef = 23CCE7CC1A91E426005AA619 /* ParseFacebookUtils.framework */; };
		23CCE7D21A91E426005AA619 /* ParseUI.framework in Frameworks */ = {isa = PBXBuildFile; fileRef = 23CCE7CD1A91E426005AA619 /* ParseUI.framework */; };
		23CCE7DA1A91E463005AA619 /* BeaconManager.swift in Sources */ = {isa = PBXBuildFile; fileRef = 23CCE7D31A91E463005AA619 /* BeaconManager.swift */; };
		23CCE7DB1A91E463005AA619 /* DetailScreen.swift in Sources */ = {isa = PBXBuildFile; fileRef = 23CCE7D51A91E463005AA619 /* DetailScreen.swift */; };
		23CCE7DC1A91E463005AA619 /* ListScreen.swift in Sources */ = {isa = PBXBuildFile; fileRef = 23CCE7D61A91E463005AA619 /* ListScreen.swift */; };
		23CCE7DD1A91E463005AA619 /* MyCode.swift in Sources */ = {isa = PBXBuildFile; fileRef = 23CCE7D71A91E463005AA619 /* MyCode.swift */; };
		23CCE7DE1A91E463005AA619 /* MyScreen.swift in Sources */ = {isa = PBXBuildFile; fileRef = 23CCE7D81A91E463005AA619 /* MyScreen.swift */; };
		23CCE7DF1A91E463005AA619 /* NextScreen.swift in Sources */ = {isa = PBXBuildFile; fileRef = 23CCE7D91A91E463005AA619 /* NextScreen.swift */; };
		23CCE7E11A91E4C8005AA619 /* libstdc++.6.dylib in Frameworks */ = {isa = PBXBuildFile; fileRef = 23CCE7E01A91E4C8005AA619 /* libstdc++.6.dylib */; };
		23CCE7E31A91E4E3005AA619 /* libsqlite3.dylib in Frameworks */ = {isa = PBXBuildFile; fileRef = 23CCE7E21A91E4E3005AA619 /* libsqlite3.dylib */; };
		23CCE7E51A91E4EF005AA619 /* libz.dylib in Frameworks */ = {isa = PBXBuildFile; fileRef = 23CCE7E41A91E4EF005AA619 /* libz.dylib */; };
		23CCE7E71A91E518005AA619 /* Accounts.framework in Frameworks */ = {isa = PBXBuildFile; fileRef = 23CCE7E61A91E518005AA619 /* Accounts.framework */; };
		23CCE7E91A91E522005AA619 /* Social.framework in Frameworks */ = {isa = PBXBuildFile; fileRef = 23CCE7E81A91E522005AA619 /* Social.framework */; };
		23CCE7EB1A91E52C005AA619 /* SystemConfiguration.framework in Frameworks */ = {isa = PBXBuildFile; fileRef = 23CCE7EA1A91E52C005AA619 /* SystemConfiguration.framework */; };
		23CCE7ED1A91E5F1005AA619 /* StoreKit.framework in Frameworks */ = {isa = PBXBuildFile; fileRef = 23CCE7EC1A91E5F1005AA619 /* StoreKit.framework */; };
		23CCE7EF1A91E5FE005AA619 /* Security.framework in Frameworks */ = {isa = PBXBuildFile; fileRef = 23CCE7EE1A91E5FE005AA619 /* Security.framework */; };
		23CCE7F11A91E609005AA619 /* QuartzCore.framework in Frameworks */ = {isa = PBXBuildFile; fileRef = 23CCE7F01A91E609005AA619 /* QuartzCore.framework */; };
		23CCE7F31A91E614005AA619 /* MobileCoreServices.framework in Frameworks */ = {isa = PBXBuildFile; fileRef = 23CCE7F21A91E614005AA619 /* MobileCoreServices.framework */; };
		23CCE7F51A91E61F005AA619 /* CoreGraphics.framework in Frameworks */ = {isa = PBXBuildFile; fileRef = 23CCE7F41A91E61F005AA619 /* CoreGraphics.framework */; };
		23CCE7F71A91E62A005AA619 /* CFNetwork.framework in Frameworks */ = {isa = PBXBuildFile; fileRef = 23CCE7F61A91E62A005AA619 /* CFNetwork.framework */; };
		23CCE7F91A91E636005AA619 /* AudioToolbox.framework in Frameworks */ = {isa = PBXBuildFile; fileRef = 23CCE7F81A91E636005AA619 /* AudioToolbox.framework */; };
		23CCE7FB1A91E645005AA619 /* CoreBluetooth.framework in Frameworks */ = {isa = PBXBuildFile; fileRef = 23CCE7FA1A91E645005AA619 /* CoreBluetooth.framework */; };
		23CCE7FD1A91E64D005AA619 /* CoreLocation.framework in Frameworks */ = {isa = PBXBuildFile; fileRef = 23CCE7FC1A91E64D005AA619 /* CoreLocation.framework */; };
		23CCE8011A91E6DF005AA619 /* My.storyboard in Resources */ = {isa = PBXBuildFile; fileRef = 23CCE7FF1A91E6DF005AA619 /* My.storyboard */; };
		23F4805D1A91E32C00A14446 /* AppDelegate.swift in Sources */ = {isa = PBXBuildFile; fileRef = 23F4805C1A91E32C00A14446 /* AppDelegate.swift */; };
		23F480661A91E32D00A14446 /* Images.xcassets in Resources */ = {isa = PBXBuildFile; fileRef = 23F480651A91E32D00A14446 /* Images.xcassets */; };
		23F480691A91E32D00A14446 /* LaunchScreen.xib in Resources */ = {isa = PBXBuildFile; fileRef = 23F480671A91E32D00A14446 /* LaunchScreen.xib */; };
		23F480751A91E32D00A14446 /* MyAppTests.swift in Sources */ = {isa = PBXBuildFile; fileRef = 23F480741A91E32D00A14446 /* MyAppTests.swift */; };
/* End PBXBuildFile section */

/* Begin PBXContainerItemProxy section */
		23F4806F1A91E32D00A14446 /* PBXContainerItemProxy */ = {
			isa = PBXContainerItemProxy;
			containerPortal = 23F4804F1A91E32C00A14446 /* Project object */;
			proxyType = 1;
			remoteGlobalIDString = 23F480561A91E32C00A14446;
			remoteInfo = MyApp;
		};
/* End PBXContainerItemProxy section */

/* Begin PBXFileReference section */
		23CCE7C91A91E426005AA619 /* Bolts.framework */ = {isa = PBXFileReference; lastKnownFileType = wrapper.framework; name = Bolts.framework; path = MyApp/Bolts.framework; sourceTree = "<group>"; };
		23CCE7CA1A91E426005AA619 /* Parse.framework */ = {isa = PBXFileReference; lastKnownFileType = wrapper.framework; name = Parse.framework; path = MyApp/Parse.framework; sourceTree = "<group>"; };
		23CCE7CB1A91E426005AA619 /* ParseCrashReporting.framework */ = {isa = PBXFileReference; lastKnownFileType = wrapper.framework; name = ParseCrashReporting.framework; path = MyApp/ParseCrashReporting.framework; sourceTree = "<group>"; };
		23CCE7CC1A91E426005AA619 /* ParseFacebookUtils.framework */ = {isa = PBXFileReference; lastKnownFileType = wrapper.framework; name = ParseFacebookUtils.framework; path = MyApp/ParseFacebookUtils.framework; sourceTree = "<group>"; };
		23CCE7CD1A91E426005AA619 /* ParseUI.framework */ = {isa = PBXFileReference; lastKnownFileType = wrapper.framework; name = ParseUI.framework; path = MyApp/ParseUI.framework; sourceTree = "<group>"; };
		23CCE7D31A91E463005AA619 /* BeaconManager.swift */ = {isa = PBXFileReference; fileEncoding = 4; lastKnownFileType = sourcecode.swift; path = BeaconManager.swift; sourceTree = "<group>"; };
		23CCE7D41A91E463005AA619 /* BridgingHeader.h */ = {isa = PBXFileReference; fileEncoding = 4; lastKnownFileType = sourcecode.c.h; path = BridgingHeader.h; sourceTree = "<group>"; };
		23CCE7D51A91E463005AA619 /* DetailScreen.swift */ = {isa = PBXFileReference; fileEncoding = 4; lastKnownFileType = sourcecode.swift; path = DetailScreen.swift; sourceTree = "<group>"; };
		23CCE7D61A91E463005AA619 /* ListScreen.swift */ = {isa = PBXFileReference; fileEncoding = 4; lastKnownFileType = sourcecode.swift; path = ListScreen.swift; sourceTree = "<group>"; };
		23CCE7D71A91E463005AA619 /* MyCode.swift */ = {isa = PBXFileReference; fileEncoding = 4; lastKnownFileType = sourcecode.swift; path = MyCode.swift; sourceTree = "<group>"; };
		23CCE7D81A91E463005AA619 /* MyScreen.swift */ = {isa = PBXFileReference; fileEncoding = 4; lastKnownFileType = sourcecode.swift; path = MyScreen.swift; sourceTree = "<group>"; };
		23CCE7D91A91E463005AA619 /* NextScreen.swift */ = {isa = PBXFileReference; fileEncoding = 4; lastKnownFileType = sourcecode.swift; path = NextScreen.swift; sourceTree = "<group>"; };
		23CCE7E01A91E4C8005AA619 /* libstdc++.6.dylib */ = {isa = PBXFileReference; lastKnownFileType = "compiled.mach-o.dylib"; name = "libstdc++.6.dylib"; path = "usr/lib/libstdc++.6.dylib"; sourceTree = SDKROOT; };
		23CCE7E21A91E4E3005AA619 /* libsqlite3.dylib */ = {isa = PBXFileReference; lastKnownFileType = "compiled.mach-o.dylib"; name = libsqlite3.dylib; path = usr/lib/libsqlite3.dylib; sourceTree = SDKROOT; };
		23CCE7E41A91E4EF005AA619 /* libz.dylib */ = {isa = PBXFileReference; lastKnownFileType = "compiled.mach-o.dylib"; name = libz.dylib; path = usr/lib/libz.dylib; sourceTree = SDKROOT; };
		23CCE7E61A91E518005AA619 /* Accounts.framework */ = {isa = PBXFileReference; lastKnownFileType = wrapper.framework; name = Accounts.framework; path = System/Library/Frameworks/Accounts.framework; sourceTree = SDKROOT; };
		23CCE7E81A91E522005AA619 /* Social.framework */ = {isa = PBXFileReference; lastKnownFileType = wrapper.framework; name = Social.framework; path = System/Library/Frameworks/Social.framework; sourceTree = SDKROOT; };
		23CCE7EA1A91E52C005AA619 /* SystemConfiguration.framework */ = {isa = PBXFileReference; lastKnownFileType = wrapper.framework; name = SystemConfiguration.framework; path = System/Library/Frameworks/SystemConfiguration.framework; sourceTree = SDKROOT; };
		23CCE7EC1A91E5F1005AA619 /* StoreKit.framework */ = {isa = PBXFileReference; lastKnownFileType = wrapper.framework; name = StoreKit.framework; path = System/Library/Frameworks/StoreKit.framework; sourceTree = SDKROOT; };
		23CCE7EE1A91E5FE005AA619 /* Security.framework */ = {isa = PBXFileReference; lastKnownFileType = wrapper.framework; name = Security.framework; path = System/Library/Frameworks/Security.framework; sourceTree = SDKROOT; };
		23CCE7F01A91E609005AA619 /* QuartzCore.framework */ = {isa = PBXFileReference; lastKnownFileType = wrapper.framework; name = QuartzCore.framework; path = System/Library/Frameworks/QuartzCore.framework; sourceTree = SDKROOT; };
		23CCE7F21A91E614005AA619 /* MobileCoreServices.framework */ = {isa = PBXFileReference; lastKnownFileType = wrapper.framework; name = MobileCoreServices.framework; path = System/Library/Frameworks/MobileCoreServices.framework; sourceTree = SDKROOT; };
		23CCE7F41A91E61F005AA619 /* CoreGraphics.framework */ = {isa = PBXFileReference; lastKnownFileType = wrapper.framework; name = CoreGraphics.framework; path = System/Library/Frameworks/CoreGraphics.framework; sourceTree = SDKROOT; };
		23CCE7F61A91E62A005AA619 /* CFNetwork.framework */ = {isa = PBXFileReference; lastKnownFileType = wrapper.framework; name = CFNetwork.framework; path = System/Library/Frameworks/CFNetwork.framework; sourceTree = SDKROOT; };
		23CCE7F81A91E636005AA619 /* AudioToolbox.framework */ = {isa = PBXFileReference; lastKnownFileType = wrapper.framework; name = AudioToolbox.framework; path = System/Library/Frameworks/AudioToolbox.framework; sourceTree = SDKROOT; };
		23CCE7FA1A91E645005AA619 /* CoreBluetooth.framework */ = {isa = PBXFileReference; lastKnownFileType = wrapper.framework; name = CoreBluetooth.framework; path = System/Library/Frameworks/CoreBluetooth.framework; sourceTree = SDKROOT; };
		23CCE7FC1A91E64D005AA619 /* CoreLocation.framework */ = {isa = PBXFileReference; lastKnownFileType = wrapper.framework; name = CoreLocation.framework; path = System/Library/Frameworks/CoreLocation.framework; sourceTree = SDKROOT; };
		23CCE8001A91E6DF005AA619 /* Base */ = {isa = PBXFileReference; lastKnownFileType = file.storyboard; name = Base; path = Base.lproj/My.storyboard; sourceTree = "<group>"; };
		23F480571A91E32C00A14446 /* MyApp.app */ = {isa = PBXFileReference; explicitFileType = wrapper.application; includeInIndex = 0; path = MyApp.app; sourceTree = BUILT_PRODUCTS_DIR; };
		23F4805B1A91E32C00A14446 /* Info.plist */ = {isa = PBXFileReference; lastKnownFileType = text.plist.xml; path = Info.plist; sourceTree = "<group>"; };
		23F4805C1A91E32C00A14446 /* AppDelegate.swift */ = {isa = PBXFileReference; lastKnownFileType = sourcecode.swift; path = AppDelegate.swift; sourceTree = "<group>"; };
		23F480651A91E32D00A14446 /* Images.xcassets */ = {isa = PBXFileReference; lastKnownFileType = folder.assetcatalog; path = Images.xcassets; sourceTree = "<group>"; };
		23F480681A91E32D00A14446 /* Base */ = {isa = PBXFileReference; lastKnownFileType = file.xib; name = Base; path = Base.lproj/LaunchScreen.xib; sourceTree = "<group>"; };
		23F4806E1A91E32D00A14446 /* MyAppTests.xctest */ = {isa = PBXFileReference; explicitFileType = wrapper.cfbundle; includeInIndex = 0; path = MyAppTests.xctest; sourceTree = BUILT_PRODUCTS_DIR; };
		23F480731A91E32D00A14446 /* Info.plist */ = {isa = PBXFileReference; lastKnownFileType = text.plist.xml; path = Info.plist; sourceTree = "<group>"; };
		23F480741A91E32D00A14446 /* MyAppTests.swift */ = {isa = PBXFileReference; lastKnownFileType = sourcecode.swift; path = MyAppTests.swift; sourceTree = "<group>"; };
/* End PBXFileReference section */

/* Begin PBXFrameworksBuildPhase section */
		23F480541A91E32C00A14446 /* Frameworks */ = {
			isa = PBXFrameworksBuildPhase;
			buildActionMask = 2147483647;
			files = (
				23CCE7FD1A91E64D005AA619 /* CoreLocation.framework in Frameworks */,
				23CCE7FB1A91E645005AA619 /* CoreBluetooth.framework in Frameworks */,
				23CCE7F91A91E636005AA619 /* AudioToolbox.framework in Frameworks */,
				23CCE7F71A91E62A005AA619 /* CFNetwork.framework in Frameworks */,
				23CCE7F51A91E61F005AA619 /* CoreGraphics.framework in Frameworks */,
				23CCE7F31A91E614005AA619 /* MobileCoreServices.framework in Frameworks */,
				23CCE7F11A91E609005AA619 /* QuartzCore.framework in Frameworks */,
				23CCE7EF1A91E5FE005AA619 /* Security.framework in Frameworks */,
				23CCE7ED1A91E5F1005AA619 /* StoreKit.framework in Frameworks */,
				23CCE7EB1A91E52C005AA619 /* SystemConfiguration.framework in Frameworks */,
				23CCE7E91A91E522005AA619 /* Social.framework in Frameworks */,
				23CCE7E71A91E518005AA619 /* Accounts.framework in Frameworks */,
				23CCE7E51A91E4EF005AA619 /* libz.dylib in Frameworks */,
				23CCE7E31A91E4E3005AA619 /* libsqlite3.dylib in Frameworks */,
				23CCE7E11A91E4C8005AA619 /* libstdc++.6.dylib in Frameworks */,
				23CCE7CF1A91E426005AA619 /* Parse.framework in Frameworks */,
				23CCE7D01A91E426005AA619 /* ParseCrashReporting.framework in Frameworks */,
				23CCE7D21A91E426005AA619 /* ParseUI.framework in Frameworks */,
				23CCE7D11A91E426005AA619 /* ParseFacebookUtils.framework in Frameworks */,
				23CCE7CE1A91E426005AA619 /* Bolts.framework in Frameworks */,
			);
			runOnlyForDeploymentPostprocessing = 0;
		};
		23F4806B1A91E32D00A14446 /* Frameworks */ = {
			isa = PBXFrameworksBuildPhase;
			buildActionMask = 2147483647;
			files = (
			);
			runOnlyForDeploymentPostprocessing = 0;
		};
/* End PBXFrameworksBuildPhase section */

/* Begin PBXGroup section */
		23CCE7FE1A91E6A5005AA619 /* Frameworks */ = {
			isa = PBXGroup;
			children = (
				23CCE7C91A91E426005AA619 /* Bolts.framework */,
				23CCE7CA1A91E426005AA619 /* Parse.framework */,
				23CCE7CB1A91E426005AA619 /* ParseCrashReporting.framework */,
				23CCE7CC1A91E426005AA619 /* ParseFacebookUtils.framework */,
				23CCE7CD1A91E426005AA619 /* ParseUI.framework */,
				23CCE7FC1A91E64D005AA619 /* CoreLocation.framework */,
				23CCE7FA1A91E645005AA619 /* CoreBluetooth.framework */,
				23CCE7F81A91E636005AA619 /* AudioToolbox.framework */,
				23CCE7F61A91E62A005AA619 /* CFNetwork.framework */,
				23CCE7F41A91E61F005AA619 /* CoreGraphics.framework */,
				23CCE7F21A91E614005AA619 /* MobileCoreServices.framework */,
				23CCE7F01A91E609005AA619 /* QuartzCore.framework */,
				23CCE7EE1A91E5FE005AA619 /* Security.framework */,
				23CCE7EC1A91E5F1005AA619 /* StoreKit.framework */,
				23CCE7EA1A91E52C005AA619 /* SystemConfiguration.framework */,
				23CCE7E81A91E522005AA619 /* Social.framework */,
				23CCE7E61A91E518005AA619 /* Accounts.framework */,
				23CCE7E41A91E4EF005AA619 /* libz.dylib */,
				23CCE7E21A91E4E3005AA619 /* libsqlite3.dylib */,
				23CCE7E01A91E4C8005AA619 /* libstdc++.6.dylib */,
			);
			name = Frameworks;
			path = ..;
			sourceTree = "<group>";
		};
		23CCE8021A91E748005AA619 /* Hidden */ = {
			isa = PBXGroup;
			children = (
				23F480711A91E32D00A14446 /* MyAppTests */,
				23F480581A91E32C00A14446 /* Products */,
				23CCE8031A91E955005AA619 /* Controllers */,
				23F4805C1A91E32C00A14446 /* AppDelegate.swift */,
				23F480651A91E32D00A14446 /* Images.xcassets */,
				23F480671A91E32D00A14446 /* LaunchScreen.xib */,
				23F4805A1A91E32C00A14446 /* Supporting Files */,
				23CCE7FE1A91E6A5005AA619 /* Frameworks */,
				23CCE7D31A91E463005AA619 /* BeaconManager.swift */,
				23CCE7D41A91E463005AA619 /* BridgingHeader.h */,
			);
			name = Hidden;
			sourceTree = "<group>";
		};
		23CCE8031A91E955005AA619 /* Controllers */ = {
			isa = PBXGroup;
			children = (
				23CCE7D81A91E463005AA619 /* MyScreen.swift */,
				23CCE7D91A91E463005AA619 /* NextScreen.swift */,
				23CCE7D51A91E463005AA619 /* DetailScreen.swift */,
				23CCE7D61A91E463005AA619 /* ListScreen.swift */,
			);
			name = Controllers;
			sourceTree = "<group>";
		};
		23F4804E1A91E32C00A14446 = {
			isa = PBXGroup;
			children = (
				23F480591A91E32C00A14446 /* MyApp */,
			);
			sourceTree = "<group>";
		};
		23F480581A91E32C00A14446 /* Products */ = {
			isa = PBXGroup;
			children = (
				23F480571A91E32C00A14446 /* MyApp.app */,
				23F4806E1A91E32D00A14446 /* MyAppTests.xctest */,
			);
			name = Products;
			path = ..;
			sourceTree = "<group>";
		};
		23F480591A91E32C00A14446 /* MyApp */ = {
			isa = PBXGroup;
			children = (
				23CCE7FF1A91E6DF005AA619 /* My.storyboard */,
				23CCE7D71A91E463005AA619 /* MyCode.swift */,
				23CCE8021A91E748005AA619 /* Hidden */,
			);
			path = MyApp;
			sourceTree = "<group>";
		};
		23F4805A1A91E32C00A14446 /* Supporting Files */ = {
			isa = PBXGroup;
			children = (
				23F4805B1A91E32C00A14446 /* Info.plist */,
			);
			name = "Supporting Files";
			sourceTree = "<group>";
		};
		23F480711A91E32D00A14446 /* MyAppTests */ = {
			isa = PBXGroup;
			children = (
				23F480741A91E32D00A14446 /* MyAppTests.swift */,
				23F480721A91E32D00A14446 /* Supporting Files */,
			);
			path = MyAppTests;
			sourceTree = SOURCE_ROOT;
		};
		23F480721A91E32D00A14446 /* Supporting Files */ = {
			isa = PBXGroup;
			children = (
				23F480731A91E32D00A14446 /* Info.plist */,
			);
			name = "Supporting Files";
			sourceTree = "<group>";
		};
/* End PBXGroup section */

/* Begin PBXNativeTarget section */
		23F480561A91E32C00A14446 /* MyApp */ = {
			isa = PBXNativeTarget;
			buildConfigurationList = 23F480781A91E32D00A14446 /* Build configuration list for PBXNativeTarget "MyApp" */;
			buildPhases = (
				23F480531A91E32C00A14446 /* Sources */,
				23F480541A91E32C00A14446 /* Frameworks */,
				23F480551A91E32C00A14446 /* Resources */,
				23EB79F61A91EA0300207B73 /* ShellScript */,
			);
			buildRules = (
			);
			dependencies = (
			);
			name = MyApp;
			productName = MyApp;
			productReference = 23F480571A91E32C00A14446 /* MyApp.app */;
			productType = "com.apple.product-type.application";
		};
		23F4806D1A91E32D00A14446 /* MyAppTests */ = {
			isa = PBXNativeTarget;
			buildConfigurationList = 23F4807B1A91E32D00A14446 /* Build configuration list for PBXNativeTarget "MyAppTests" */;
			buildPhases = (
				23F4806A1A91E32D00A14446 /* Sources */,
				23F4806B1A91E32D00A14446 /* Frameworks */,
				23F4806C1A91E32D00A14446 /* Resources */,
			);
			buildRules = (
			);
			dependencies = (
				23F480701A91E32D00A14446 /* PBXTargetDependency */,
			);
			name = MyAppTests;
			productName = MyAppTests;
			productReference = 23F4806E1A91E32D00A14446 /* MyAppTests.xctest */;
			productType = "com.apple.product-type.bundle.unit-test";
		};
/* End PBXNativeTarget section */

/* Begin PBXProject section */
		23F4804F1A91E32C00A14446 /* Project object */ = {
			isa = PBXProject;
			attributes = {
				LastUpgradeCheck = 0610;
				ORGANIZATIONNAME = besqrddev;
				TargetAttributes = {
					23F480561A91E32C00A14446 = {
						CreatedOnToolsVersion = 6.1.1;
					};
					23F4806D1A91E32D00A14446 = {
						CreatedOnToolsVersion = 6.1.1;
						TestTargetID = 23F480561A91E32C00A14446;
					};
				};
			};
			buildConfigurationList = 23F480521A91E32C00A14446 /* Build configuration list for PBXProject "MyApp" */;
			compatibilityVersion = "Xcode 3.2";
			developmentRegion = English;
			hasScannedForEncodings = 0;
			knownRegions = (
				en,
				Base,
			);
			mainGroup = 23F4804E1A91E32C00A14446;
			productRefGroup = 23F480581A91E32C00A14446 /* Products */;
			projectDirPath = "";
			projectRoot = "";
			targets = (
				23F480561A91E32C00A14446 /* MyApp */,
				23F4806D1A91E32D00A14446 /* MyAppTests */,
			);
		};
/* End PBXProject section */

/* Begin PBXResourcesBuildPhase section */
		23F480551A91E32C00A14446 /* Resources */ = {
			isa = PBXResourcesBuildPhase;
			buildActionMask = 2147483647;
			files = (
				23F480691A91E32D00A14446 /* LaunchScreen.xib in Resources */,
				23CCE8011A91E6DF005AA619 /* My.storyboard in Resources */,
				23F480661A91E32D00A14446 /* Images.xcassets in Resources */,
			);
			runOnlyForDeploymentPostprocessing = 0;
		};
		23F4806C1A91E32D00A14446 /* Resources */ = {
			isa = PBXResourcesBuildPhase;
			buildActionMask = 2147483647;
			files = (
			);
			runOnlyForDeploymentPostprocessing = 0;
		};
/* End PBXResourcesBuildPhase section */

/* Begin PBXShellScriptBuildPhase section */
		23EB79F61A91EA0300207B73 /* ShellScript */ = {
			isa = PBXShellScriptBuildPhase;
			buildActionMask = 2147483647;
			files = (
			);
			inputPaths = (
			);
			outputPaths = (
			);
			runOnlyForDeploymentPostprocessing = 0;
			shellPath = /bin/sh;
			shellScript = "##  Commit all source files to github.\ncd ~/Desktop/MyApp\ngit config --global push.default matching\ngit add MyApp/Base.lproj/*.storyboard\ngit add MyApp/*.swift\ngit commit -m \"Autocommit\"\ngit push\n\n##  Upload symbols to Parse for crash logging.  \nexport PATH=/usr/local/bin:$PATH\ncd ~/Desktop/MyApp/parse\nparse symbols \"${DWARF_DSYM_FOLDER_PATH}/${DWARF_DSYM_FILE_NAME}\" &\n";
		};
/* End PBXShellScriptBuildPhase section */

/* Begin PBXSourcesBuildPhase section */
		23F480531A91E32C00A14446 /* Sources */ = {
			isa = PBXSourcesBuildPhase;
			buildActionMask = 2147483647;
			files = (
				23CCE7DB1A91E463005AA619 /* DetailScreen.swift in Sources */,
				23CCE7DD1A91E463005AA619 /* MyCode.swift in Sources */,
				23CCE7DC1A91E463005AA619 /* ListScreen.swift in Sources */,
				23CCE7DA1A91E463005AA619 /* BeaconManager.swift in Sources */,
				23F4805D1A91E32C00A14446 /* AppDelegate.swift in Sources */,
				23CCE7DF1A91E463005AA619 /* NextScreen.swift in Sources */,
				23CCE7DE1A91E463005AA619 /* MyScreen.swift in Sources */,
			);
			runOnlyForDeploymentPostprocessing = 0;
		};
		23F4806A1A91E32D00A14446 /* Sources */ = {
			isa = PBXSourcesBuildPhase;
			buildActionMask = 2147483647;
			files = (
				23F480751A91E32D00A14446 /* MyAppTests.swift in Sources */,
			);
			runOnlyForDeploymentPostprocessing = 0;
		};
/* End PBXSourcesBuildPhase section */

/* Begin PBXTargetDependency section */
		23F480701A91E32D00A14446 /* PBXTargetDependency */ = {
			isa = PBXTargetDependency;
			target = 23F480561A91E32C00A14446 /* MyApp */;
			targetProxy = 23F4806F1A91E32D00A14446 /* PBXContainerItemProxy */;
		};
/* End PBXTargetDependency section */

/* Begin PBXVariantGroup section */
		23CCE7FF1A91E6DF005AA619 /* My.storyboard */ = {
			isa = PBXVariantGroup;
			children = (
				23CCE8001A91E6DF005AA619 /* Base */,
			);
			name = My.storyboard;
			sourceTree = "<group>";
		};
		23F480671A91E32D00A14446 /* LaunchScreen.xib */ = {
			isa = PBXVariantGroup;
			children = (
				23F480681A91E32D00A14446 /* Base */,
			);
			name = LaunchScreen.xib;
			sourceTree = "<group>";
		};
/* End PBXVariantGroup section */

/* Begin XCBuildConfiguration section */
		23F480761A91E32D00A14446 /* Debug */ = {
			isa = XCBuildConfiguration;
			buildSettings = {
				ALWAYS_SEARCH_USER_PATHS = NO;
				CLANG_CXX_LANGUAGE_STANDARD = "gnu++0x";
				CLANG_CXX_LIBRARY = "libc++";
				CLANG_ENABLE_MODULES = YES;
				CLANG_ENABLE_OBJC_ARC = YES;
				CLANG_WARN_BOOL_CONVERSION = YES;
				CLANG_WARN_CONSTANT_CONVERSION = YES;
				CLANG_WARN_DIRECT_OBJC_ISA_USAGE = YES_ERROR;
				CLANG_WARN_EMPTY_BODY = YES;
				CLANG_WARN_ENUM_CONVERSION = YES;
				CLANG_WARN_INT_CONVERSION = YES;
				CLANG_WARN_OBJC_ROOT_CLASS = YES_ERROR;
				CLANG_WARN_UNREACHABLE_CODE = YES;
				CLANG_WARN__DUPLICATE_METHOD_MATCH = YES;
				"CODE_SIGN_IDENTITY[sdk=iphoneos*]" = "iPhone Developer";
				COPY_PHASE_STRIP = NO;
				ENABLE_STRICT_OBJC_MSGSEND = YES;
				GCC_C_LANGUAGE_STANDARD = gnu99;
				GCC_DYNAMIC_NO_PIC = NO;
				GCC_OPTIMIZATION_LEVEL = 0;
				GCC_PREPROCESSOR_DEFINITIONS = (
					"DEBUG=1",
					"$(inherited)",
				);
				GCC_SYMBOLS_PRIVATE_EXTERN = NO;
				GCC_WARN_64_TO_32_BIT_CONVERSION = YES;
				GCC_WARN_ABOUT_RETURN_TYPE = YES_ERROR;
				GCC_WARN_UNDECLARED_SELECTOR = YES;
				GCC_WARN_UNINITIALIZED_AUTOS = YES_AGGRESSIVE;
				GCC_WARN_UNUSED_FUNCTION = YES;
				GCC_WARN_UNUSED_VARIABLE = YES;
				IPHONEOS_DEPLOYMENT_TARGET = 8.1;
				MTL_ENABLE_DEBUG_INFO = YES;
				ONLY_ACTIVE_ARCH = YES;
				SDKROOT = iphoneos;
				SWIFT_OPTIMIZATION_LEVEL = "-Onone";
			};
			name = Debug;
		};
		23F480771A91E32D00A14446 /* Release */ = {
			isa = XCBuildConfiguration;
			buildSettings = {
				ALWAYS_SEARCH_USER_PATHS = NO;
				CLANG_CXX_LANGUAGE_STANDARD = "gnu++0x";
				CLANG_CXX_LIBRARY = "libc++";
				CLANG_ENABLE_MODULES = YES;
				CLANG_ENABLE_OBJC_ARC = YES;
				CLANG_WARN_BOOL_CONVERSION = YES;
				CLANG_WARN_CONSTANT_CONVERSION = YES;
				CLANG_WARN_DIRECT_OBJC_ISA_USAGE = YES_ERROR;
				CLANG_WARN_EMPTY_BODY = YES;
				CLANG_WARN_ENUM_CONVERSION = YES;
				CLANG_WARN_INT_CONVERSION = YES;
				CLANG_WARN_OBJC_ROOT_CLASS = YES_ERROR;
				CLANG_WARN_UNREACHABLE_CODE = YES;
				CLANG_WARN__DUPLICATE_METHOD_MATCH = YES;
				"CODE_SIGN_IDENTITY[sdk=iphoneos*]" = "iPhone Developer";
				COPY_PHASE_STRIP = YES;
				ENABLE_NS_ASSERTIONS = NO;
				ENABLE_STRICT_OBJC_MSGSEND = YES;
				GCC_C_LANGUAGE_STANDARD = gnu99;
				GCC_WARN_64_TO_32_BIT_CONVERSION = YES;
				GCC_WARN_ABOUT_RETURN_TYPE = YES_ERROR;
				GCC_WARN_UNDECLARED_SELECTOR = YES;
				GCC_WARN_UNINITIALIZED_AUTOS = YES_AGGRESSIVE;
				GCC_WARN_UNUSED_FUNCTION = YES;
				GCC_WARN_UNUSED_VARIABLE = YES;
				IPHONEOS_DEPLOYMENT_TARGET = 8.1;
				MTL_ENABLE_DEBUG_INFO = NO;
				SDKROOT = iphoneos;
				VALIDATE_PRODUCT = YES;
			};
			name = Release;
		};
		23F480791A91E32D00A14446 /* Debug */ = {
			isa = XCBuildConfiguration;
			buildSettings = {
				ASSETCATALOG_COMPILER_APPICON_NAME = AppIcon;
				CLANG_ENABLE_MODULES = YES;
				FRAMEWORK_SEARCH_PATHS = (
					"$(inherited)",
					"$(PROJECT_DIR)/MyApp",
				);
				INFOPLIST_FILE = MyApp/Info.plist;
				LD_RUNPATH_SEARCH_PATHS = "$(inherited) @executable_path/Frameworks";
				PRODUCT_NAME = "$(TARGET_NAME)";
				SWIFT_OBJC_BRIDGING_HEADER = MyApp/BridgingHeader.h;
				SWIFT_OPTIMIZATION_LEVEL = "-Onone";
			};
			name = Debug;
		};
		23F4807A1A91E32D00A14446 /* Release */ = {
			isa = XCBuildConfiguration;
			buildSettings = {
				ASSETCATALOG_COMPILER_APPICON_NAME = AppIcon;
				CLANG_ENABLE_MODULES = YES;
				FRAMEWORK_SEARCH_PATHS = (
					"$(inherited)",
					"$(PROJECT_DIR)/MyApp",
				);
				INFOPLIST_FILE = MyApp/Info.plist;
				LD_RUNPATH_SEARCH_PATHS = "$(inherited) @executable_path/Frameworks";
				PRODUCT_NAME = "$(TARGET_NAME)";
				SWIFT_OBJC_BRIDGING_HEADER = MyApp/BridgingHeader.h;
			};
			name = Release;
		};
		23F4807C1A91E32D00A14446 /* Debug */ = {
			isa = XCBuildConfiguration;
			buildSettings = {
				BUNDLE_LOADER = "$(TEST_HOST)";
				FRAMEWORK_SEARCH_PATHS = (
					"$(SDKROOT)/Developer/Library/Frameworks",
					"$(inherited)",
				);
				GCC_PREPROCESSOR_DEFINITIONS = (
					"DEBUG=1",
					"$(inherited)",
				);
				INFOPLIST_FILE = MyAppTests/Info.plist;
				LD_RUNPATH_SEARCH_PATHS = "$(inherited) @executable_path/Frameworks @loader_path/Frameworks";
				PRODUCT_NAME = "$(TARGET_NAME)";
				TEST_HOST = "$(BUILT_PRODUCTS_DIR)/MyApp.app/MyApp";
			};
			name = Debug;
		};
		23F4807D1A91E32D00A14446 /* Release */ = {
			isa = XCBuildConfiguration;
			buildSettings = {
				BUNDLE_LOADER = "$(TEST_HOST)";
				FRAMEWORK_SEARCH_PATHS = (
					"$(SDKROOT)/Developer/Library/Frameworks",
					"$(inherited)",
				);
				INFOPLIST_FILE = MyAppTests/Info.plist;
				LD_RUNPATH_SEARCH_PATHS = "$(inherited) @executable_path/Frameworks @loader_path/Frameworks";
				PRODUCT_NAME = "$(TARGET_NAME)";
				TEST_HOST = "$(BUILT_PRODUCTS_DIR)/MyApp.app/MyApp";
			};
			name = Release;
		};
/* End XCBuildConfiguration section */

/* Begin XCConfigurationList section */
		23F480521A91E32C00A14446 /* Build configuration list for PBXProject "MyApp" */ = {
			isa = XCConfigurationList;
			buildConfigurations = (
				23F480761A91E32D00A14446 /* Debug */,
				23F480771A91E32D00A14446 /* Release */,
			);
			defaultConfigurationIsVisible = 0;
			defaultConfigurationName = Release;
		};
		23F480781A91E32D00A14446 /* Build configuration list for PBXNativeTarget "MyApp" */ = {
			isa = XCConfigurationList;
			buildConfigurations = (
				23F480791A91E32D00A14446 /* Debug */,
				23F4807A1A91E32D00A14446 /* Release */,
			);
			defaultConfigurationIsVisible = 0;
			defaultConfigurationName = Release;
		};
		23F4807B1A91E32D00A14446 /* Build configuration list for PBXNativeTarget "MyAppTests" */ = {
			isa = XCConfigurationList;
			buildConfigurations = (
				23F4807C1A91E32D00A14446 /* Debug */,
				23F4807D1A91E32D00A14446 /* Release */,
			);
			defaultConfigurationIsVisible = 0;
			defaultConfigurationName = Release;
		};
/* End XCConfigurationList section */
	};
	rootObject = 23F4804F1A91E32C00A14446 /* Project object */;
}
